
Microsoft Visual Studio Solution File, Format Version 12.00
# Visual Studio 15
VisualStudioVersion = 15.0.27428.2027
MinimumVisualStudioVersion = 10.0.40219.1
Project("{888888A0-9F3D-457C-B088-3A5042F75D52}") = "Nazca_Intro", "Nazca_Intro\Nazca_Intro.pyproj", "{51341BA9-3F20-44C4-B7A5-8D33E6AA3200}"
EndProject
Global
	GlobalSection(SolutionConfigurationPlatforms) = preSolution
		Debug|Any CPU = Debug|Any CPU
		Release|Any CPU = Release|Any CPU
	EndGlobalSection
	GlobalSection(ProjectConfigurationPlatforms) = postSolution
		{51341BA9-3F20-44C4-B7A5-8D33E6AA3200}.Debug|Any CPU.ActiveCfg = Debug|Any CPU
		{51341BA9-3F20-44C4-B7A5-8D33E6AA3200}.Release|Any CPU.ActiveCfg = Release|Any CPU
	EndGlobalSection
	GlobalSection(SolutionProperties) = preSolution
		HideSolutionNode = FALSE
	EndGlobalSection
	GlobalSection(ExtensibilityGlobals) = postSolution
		SolutionGuid = {F29053FD-8650-4557-AAA4-2657E1415DF4}
	EndGlobalSection
EndGlobal
